
Microsoft Visual Studio Solution File, Format Version 12.00
# Visual Studio Version 17
VisualStudioVersion = 17.0.31903.59
MinimumVisualStudioVersion = 10.0.40219.1
Project("{2150E333-8FDC-42A3-9474-1A3956D46DE8}") = "src", "src", "{F4ED837F-888A-4D01-BCED-C360B9CE0865}"
EndProject
Project("{2150E333-8FDC-42A3-9474-1A3956D46DE8}") = "Solution Items", "Solution Items", "{124E1491-6ED8-492E-9B39-C534364929ED}"
	ProjectSection(SolutionItems) = preProject
		.editorconfig = .editorconfig
		.gitignore = .gitignore
		Directory.Build.props = Directory.Build.props
		global.json = global.json
		README.md = README.md
	EndProjectSection
EndProject
Project("{FAE04EC0-301F-11D3-BF4B-00C04F79EFBC}") = "SharpIDE.Photino", "src\SharpIDE.Photino\SharpIDE.Photino.csproj", "{E35167E1-0FF4-4194-97A8-CC95EDA224CD}"
EndProject
Project("{FAE04EC0-301F-11D3-BF4B-00C04F79EFBC}") = "SharpIDE.Application", "src\SharpIDE.Application\SharpIDE.Application.csproj", "{D7D5D39E-DA3A-4B10-8F40-B07B769347F4}"
EndProject
Project("{2150E333-8FDC-42A3-9474-1A3956D46DE8}") = "tests", "tests", "{B6835010-35FA-4C74-AB48-009FB923185D}"
EndProject
Project("{FAE04EC0-301F-11D3-BF4B-00C04F79EFBC}") = "Roslyn.Benchmarks", "tests\Roslyn.Benchmarks\Roslyn.Benchmarks.csproj", "{252CE098-2F9A-4DA3-A172-EE1167B335BF}"
EndProject
Global
	GlobalSection(SolutionConfigurationPlatforms) = preSolution
		Debug|Any CPU = Debug|Any CPU
		Release|Any CPU = Release|Any CPU
	EndGlobalSection
	GlobalSection(SolutionProperties) = preSolution
		HideSolutionNode = FALSE
	EndGlobalSection
	GlobalSection(ProjectConfigurationPlatforms) = postSolution
		{E35167E1-0FF4-4194-97A8-CC95EDA224CD}.Debug|Any CPU.ActiveCfg = Debug|Any CPU
		{E35167E1-0FF4-4194-97A8-CC95EDA224CD}.Debug|Any CPU.Build.0 = Debug|Any CPU
		{E35167E1-0FF4-4194-97A8-CC95EDA224CD}.Release|Any CPU.ActiveCfg = Release|Any CPU
		{E35167E1-0FF4-4194-97A8-CC95EDA224CD}.Release|Any CPU.Build.0 = Release|Any CPU
		{D7D5D39E-DA3A-4B10-8F40-B07B769347F4}.Debug|Any CPU.ActiveCfg = Debug|Any CPU
		{D7D5D39E-DA3A-4B10-8F40-B07B769347F4}.Debug|Any CPU.Build.0 = Debug|Any CPU
		{D7D5D39E-DA3A-4B10-8F40-B07B769347F4}.Release|Any CPU.ActiveCfg = Release|Any CPU
		{D7D5D39E-DA3A-4B10-8F40-B07B769347F4}.Release|Any CPU.Build.0 = Release|Any CPU
		{252CE098-2F9A-4DA3-A172-EE1167B335BF}.Debug|Any CPU.ActiveCfg = Debug|Any CPU
		{252CE098-2F9A-4DA3-A172-EE1167B335BF}.Debug|Any CPU.Build.0 = Debug|Any CPU
		{252CE098-2F9A-4DA3-A172-EE1167B335BF}.Release|Any CPU.ActiveCfg = Release|Any CPU
		{252CE098-2F9A-4DA3-A172-EE1167B335BF}.Release|Any CPU.Build.0 = Release|Any CPU
	EndGlobalSection
	GlobalSection(NestedProjects) = preSolution
		{E35167E1-0FF4-4194-97A8-CC95EDA224CD} = {F4ED837F-888A-4D01-BCED-C360B9CE0865}
		{D7D5D39E-DA3A-4B10-8F40-B07B769347F4} = {F4ED837F-888A-4D01-BCED-C360B9CE0865}
		{252CE098-2F9A-4DA3-A172-EE1167B335BF} = {B6835010-35FA-4C74-AB48-009FB923185D}
	EndGlobalSection
EndGlobal
